
Microsoft Visual Studio Solution File, Format Version 12.00
Project("{FAE04EC0-301F-11D3-BF4B-00C04F79EFBC}") = "_02", "_02\_02.csproj", "{9EE3DBD5-A016-4D0D-946E-82353CB7E7A7}"
EndProject
Project("{FAE04EC0-301F-11D3-BF4B-00C04F79EFBC}") = "Tests", "Tests\Tests.csproj", "{FB86C03C-689A-4B54-A734-0B361A25CC2E}"
EndProject
Project("{FAE04EC0-301F-11D3-BF4B-00C04F79EFBC}") = "_03", "_03\_03.csproj", "{1366B5E0-4F71-4688-AF70-0047D3197B6B}"
EndProject
Project("{FAE04EC0-301F-11D3-BF4B-00C04F79EFBC}") = "_04", "_04\_04.csproj", "{62E54DBD-21C5-4C6F-9527-C2B78281F259}"
EndProject
Global
	GlobalSection(SolutionConfigurationPlatforms) = preSolution
		Debug|Any CPU = Debug|Any CPU
		Release|Any CPU = Release|Any CPU
	EndGlobalSection
	GlobalSection(ProjectConfigurationPlatforms) = postSolution
		{9EE3DBD5-A016-4D0D-946E-82353CB7E7A7}.Debug|Any CPU.ActiveCfg = Debug|Any CPU
		{9EE3DBD5-A016-4D0D-946E-82353CB7E7A7}.Debug|Any CPU.Build.0 = Debug|Any CPU
		{9EE3DBD5-A016-4D0D-946E-82353CB7E7A7}.Release|Any CPU.ActiveCfg = Release|Any CPU
		{9EE3DBD5-A016-4D0D-946E-82353CB7E7A7}.Release|Any CPU.Build.0 = Release|Any CPU
		{FB86C03C-689A-4B54-A734-0B361A25CC2E}.Debug|Any CPU.ActiveCfg = Debug|Any CPU
		{FB86C03C-689A-4B54-A734-0B361A25CC2E}.Debug|Any CPU.Build.0 = Debug|Any CPU
		{FB86C03C-689A-4B54-A734-0B361A25CC2E}.Release|Any CPU.ActiveCfg = Release|Any CPU
		{FB86C03C-689A-4B54-A734-0B361A25CC2E}.Release|Any CPU.Build.0 = Release|Any CPU
		{1366B5E0-4F71-4688-AF70-0047D3197B6B}.Debug|Any CPU.ActiveCfg = Debug|Any CPU
		{1366B5E0-4F71-4688-AF70-0047D3197B6B}.Debug|Any CPU.Build.0 = Debug|Any CPU
		{1366B5E0-4F71-4688-AF70-0047D3197B6B}.Release|Any CPU.ActiveCfg = Release|Any CPU
		{1366B5E0-4F71-4688-AF70-0047D3197B6B}.Release|Any CPU.Build.0 = Release|Any CPU
		{62E54DBD-21C5-4C6F-9527-C2B78281F259}.Debug|Any CPU.ActiveCfg = Debug|Any CPU
		{62E54DBD-21C5-4C6F-9527-C2B78281F259}.Debug|Any CPU.Build.0 = Debug|Any CPU
		{62E54DBD-21C5-4C6F-9527-C2B78281F259}.Release|Any CPU.ActiveCfg = Release|Any CPU
		{62E54DBD-21C5-4C6F-9527-C2B78281F259}.Release|Any CPU.Build.0 = Release|Any CPU
	EndGlobalSection
EndGlobal
